
Microsoft Visual Studio Solution File, Format Version 12.00
# Visual Studio 14
VisualStudioVersion = 14.0.25420.1
MinimumVisualStudioVersion = 10.0.40219.1
Project("{8BC9CEB8-8B4A-11D0-8D11-00A0C91BC942}") = "ftd", "ftd\ftd.vcxproj", "{D3B28290-1A56-4B7E-816E-9811C6E77693}"
EndProject
Project("{8BC9CEB8-8B4A-11D0-8D11-00A0C91BC942}") = "UnitTest++_vs14", "UnitTest++\UnitTest++_vs14.vcxproj", "{64A4FEFE-0461-4E95-8CC1-91EF5F57DBC6}"
EndProject
Project("{8BC9CEB8-8B4A-11D0-8D11-00A0C91BC942}") = "test_unit", "test_unit\test_unit.vcxproj", "{23D49C61-D5C9-4374-9E23-B8C3EFD06F58}"
	ProjectSection(ProjectDependencies) = postProject
		{D3B28290-1A56-4B7E-816E-9811C6E77693} = {D3B28290-1A56-4B7E-816E-9811C6E77693}
		{64A4FEFE-0461-4E95-8CC1-91EF5F57DBC6} = {64A4FEFE-0461-4E95-8CC1-91EF5F57DBC6}
	EndProjectSection
EndProject
Project("{888888A0-9F3D-457C-B088-3A5042F75D52}") = "auto_gen", "auto_gen\auto_gen.pyproj", "{15A40B97-DF74-4D0B-BB97-53E587FB7D49}"
EndProject
Project("{8BC9CEB8-8B4A-11D0-8D11-00A0C91BC942}") = "SampleClient", "SampleClient\SampleClient.vcxproj", "{5A3B9755-79E0-48AB-89C7-1DC2CC3B2C31}"
	ProjectSection(ProjectDependencies) = postProject
		{48310061-76FF-4C1C-B89A-39BE8E03D97A} = {48310061-76FF-4C1C-B89A-39BE8E03D97A}
		{D3B28290-1A56-4B7E-816E-9811C6E77693} = {D3B28290-1A56-4B7E-816E-9811C6E77693}
	EndProjectSection
EndProject
Project("{8BC9CEB8-8B4A-11D0-8D11-00A0C91BC942}") = "dbcore", "dbcore\dbcore.vcxproj", "{FB3F75D0-C31A-4A3C-AD44-C1E317B2F768}"
	ProjectSection(ProjectDependencies) = postProject
		{D3B28290-1A56-4B7E-816E-9811C6E77693} = {D3B28290-1A56-4B7E-816E-9811C6E77693}
	EndProjectSection
EndProject
Project("{8BC9CEB8-8B4A-11D0-8D11-00A0C91BC942}") = "mqclient", "mqclient\mqclient.vcxproj", "{2ABF7A72-E5FF-499B-A866-7D31DE3D2BEC}"
EndProject
Project("{8BC9CEB8-8B4A-11D0-8D11-00A0C91BC942}") = "SampleCore", "SampleCore\SampleCore.vcxproj", "{6F781E95-7879-4761-9F18-36D9EA0B5C8B}"
EndProject
Project("{8BC9CEB8-8B4A-11D0-8D11-00A0C91BC942}") = "xcptraderapi", "xcptraderapi\xcptraderapi.vcxproj", "{48310061-76FF-4C1C-B89A-39BE8E03D97A}"
EndProject
Project("{2150E333-8FDC-42A3-9474-1A3956D46DE8}") = "Demo", "Demo", "{EF8885A6-26B6-4028-89D0-9B6129081F90}"
EndProject
Project("{2150E333-8FDC-42A3-9474-1A3956D46DE8}") = "Test", "Test", "{96E7A35D-80BD-48DC-9671-18714124EEB9}"
EndProject
Project("{2150E333-8FDC-42A3-9474-1A3956D46DE8}") = "AutoGen", "AutoGen", "{7B78397B-DD4A-4D52-AF1B-E42F4BEAEBF2}"
EndProject
Project("{8BC9CEB8-8B4A-11D0-8D11-00A0C91BC942}") = "SampleFront", "SampleFront\SampleServer.vcxproj", "{3025E94C-F349-43A3-B592-0E7DFAE7EDEC}"
EndProject
Project("{2150E333-8FDC-42A3-9474-1A3956D46DE8}") = "ClientApi", "ClientApi", "{46E2ED4A-0FDA-403F-AD5F-116574478FDD}"
EndProject
Project("{FAE04EC0-301F-11D3-BF4B-00C04F79EFBC}") = "XcpApiCSharp", "XcpApiCSharp\XcpApiCSharp.csproj", "{A5C1982E-6BA4-4B44-A0E9-96CC50A26CFC}"
EndProject
Global
	GlobalSection(SolutionConfigurationPlatforms) = preSolution
		Debug|Any CPU = Debug|Any CPU
		Debug|x64 = Debug|x64
		Debug|x86 = Debug|x86
		Release|Any CPU = Release|Any CPU
		Release|x64 = Release|x64
		Release|x86 = Release|x86
	EndGlobalSection
	GlobalSection(ProjectConfigurationPlatforms) = postSolution
		{D3B28290-1A56-4B7E-816E-9811C6E77693}.Debug|Any CPU.ActiveCfg = Debug|Win32
		{D3B28290-1A56-4B7E-816E-9811C6E77693}.Debug|Any CPU.Build.0 = Debug|Win32
		{D3B28290-1A56-4B7E-816E-9811C6E77693}.Debug|x64.ActiveCfg = Debug|x64
		{D3B28290-1A56-4B7E-816E-9811C6E77693}.Debug|x64.Build.0 = Debug|x64
		{D3B28290-1A56-4B7E-816E-9811C6E77693}.Debug|x86.ActiveCfg = Debug|Win32
		{D3B28290-1A56-4B7E-816E-9811C6E77693}.Debug|x86.Build.0 = Debug|Win32
		{D3B28290-1A56-4B7E-816E-9811C6E77693}.Release|Any CPU.ActiveCfg = Release|Win32
		{D3B28290-1A56-4B7E-816E-9811C6E77693}.Release|x64.ActiveCfg = Release|x64
		{D3B28290-1A56-4B7E-816E-9811C6E77693}.Release|x64.Build.0 = Release|x64
		{D3B28290-1A56-4B7E-816E-9811C6E77693}.Release|x86.ActiveCfg = Release|Win32
		{D3B28290-1A56-4B7E-816E-9811C6E77693}.Release|x86.Build.0 = Release|Win32
		{64A4FEFE-0461-4E95-8CC1-91EF5F57DBC6}.Debug|Any CPU.ActiveCfg = Debug|Win32
		{64A4FEFE-0461-4E95-8CC1-91EF5F57DBC6}.Debug|Any CPU.Build.0 = Debug|Win32
		{64A4FEFE-0461-4E95-8CC1-91EF5F57DBC6}.Debug|x64.ActiveCfg = Debug|Win32
		{64A4FEFE-0461-4E95-8CC1-91EF5F57DBC6}.Debug|x86.ActiveCfg = Debug|Win32
		{64A4FEFE-0461-4E95-8CC1-91EF5F57DBC6}.Debug|x86.Build.0 = Debug|Win32
		{64A4FEFE-0461-4E95-8CC1-91EF5F57DBC6}.Release|Any CPU.ActiveCfg = Release|Win32
		{64A4FEFE-0461-4E95-8CC1-91EF5F57DBC6}.Release|x64.ActiveCfg = Release|Win32
		{64A4FEFE-0461-4E95-8CC1-91EF5F57DBC6}.Release|x86.ActiveCfg = Release|Win32
		{64A4FEFE-0461-4E95-8CC1-91EF5F57DBC6}.Release|x86.Build.0 = Release|Win32
		{23D49C61-D5C9-4374-9E23-B8C3EFD06F58}.Debug|Any CPU.ActiveCfg = Debug|Win32
		{23D49C61-D5C9-4374-9E23-B8C3EFD06F58}.Debug|Any CPU.Build.0 = Debug|Win32
		{23D49C61-D5C9-4374-9E23-B8C3EFD06F58}.Debug|x64.ActiveCfg = Debug|x64
		{23D49C61-D5C9-4374-9E23-B8C3EFD06F58}.Debug|x64.Build.0 = Debug|x64
		{23D49C61-D5C9-4374-9E23-B8C3EFD06F58}.Debug|x86.ActiveCfg = Debug|Win32
		{23D49C61-D5C9-4374-9E23-B8C3EFD06F58}.Debug|x86.Build.0 = Debug|Win32
		{23D49C61-D5C9-4374-9E23-B8C3EFD06F58}.Release|Any CPU.ActiveCfg = Release|Win32
		{23D49C61-D5C9-4374-9E23-B8C3EFD06F58}.Release|x64.ActiveCfg = Release|x64
		{23D49C61-D5C9-4374-9E23-B8C3EFD06F58}.Release|x64.Build.0 = Release|x64
		{23D49C61-D5C9-4374-9E23-B8C3EFD06F58}.Release|x86.ActiveCfg = Release|Win32
		{23D49C61-D5C9-4374-9E23-B8C3EFD06F58}.Release|x86.Build.0 = Release|Win32
		{15A40B97-DF74-4D0B-BB97-53E587FB7D49}.Debug|Any CPU.ActiveCfg = Debug|Any CPU
		{15A40B97-DF74-4D0B-BB97-53E587FB7D49}.Debug|x64.ActiveCfg = Debug|Any CPU
		{15A40B97-DF74-4D0B-BB97-53E587FB7D49}.Debug|x86.ActiveCfg = Debug|Any CPU
		{15A40B97-DF74-4D0B-BB97-53E587FB7D49}.Release|Any CPU.ActiveCfg = Release|Any CPU
		{15A40B97-DF74-4D0B-BB97-53E587FB7D49}.Release|x64.ActiveCfg = Release|Any CPU
		{15A40B97-DF74-4D0B-BB97-53E587FB7D49}.Release|x86.ActiveCfg = Release|Any CPU
		{5A3B9755-79E0-48AB-89C7-1DC2CC3B2C31}.Debug|Any CPU.ActiveCfg = Debug|Win32
		{5A3B9755-79E0-48AB-89C7-1DC2CC3B2C31}.Debug|Any CPU.Build.0 = Debug|Win32
		{5A3B9755-79E0-48AB-89C7-1DC2CC3B2C31}.Debug|x64.ActiveCfg = Debug|x64
		{5A3B9755-79E0-48AB-89C7-1DC2CC3B2C31}.Debug|x64.Build.0 = Debug|x64
		{5A3B9755-79E0-48AB-89C7-1DC2CC3B2C31}.Debug|x86.ActiveCfg = Debug|Win32
		{5A3B9755-79E0-48AB-89C7-1DC2CC3B2C31}.Debug|x86.Build.0 = Debug|Win32
		{5A3B9755-79E0-48AB-89C7-1DC2CC3B2C31}.Release|Any CPU.ActiveCfg = Release|Win32
		{5A3B9755-79E0-48AB-89C7-1DC2CC3B2C31}.Release|x64.ActiveCfg = Release|x64
		{5A3B9755-79E0-48AB-89C7-1DC2CC3B2C31}.Release|x64.Build.0 = Release|x64
		{5A3B9755-79E0-48AB-89C7-1DC2CC3B2C31}.Release|x86.ActiveCfg = Release|Win32
		{5A3B9755-79E0-48AB-89C7-1DC2CC3B2C31}.Release|x86.Build.0 = Release|Win32
		{FB3F75D0-C31A-4A3C-AD44-C1E317B2F768}.Debug|Any CPU.ActiveCfg = Debug|Win32
		{FB3F75D0-C31A-4A3C-AD44-C1E317B2F768}.Debug|Any CPU.Build.0 = Debug|Win32
		{FB3F75D0-C31A-4A3C-AD44-C1E317B2F768}.Debug|x64.ActiveCfg = Debug|x64
		{FB3F75D0-C31A-4A3C-AD44-C1E317B2F768}.Debug|x64.Build.0 = Debug|x64
		{FB3F75D0-C31A-4A3C-AD44-C1E317B2F768}.Debug|x86.ActiveCfg = Debug|Win32
		{FB3F75D0-C31A-4A3C-AD44-C1E317B2F768}.Debug|x86.Build.0 = Debug|Win32
		{FB3F75D0-C31A-4A3C-AD44-C1E317B2F768}.Release|Any CPU.ActiveCfg = Release|Win32
		{FB3F75D0-C31A-4A3C-AD44-C1E317B2F768}.Release|x64.ActiveCfg = Release|x64
		{FB3F75D0-C31A-4A3C-AD44-C1E317B2F768}.Release|x64.Build.0 = Release|x64
		{FB3F75D0-C31A-4A3C-AD44-C1E317B2F768}.Release|x86.ActiveCfg = Release|Win32
		{FB3F75D0-C31A-4A3C-AD44-C1E317B2F768}.Release|x86.Build.0 = Release|Win32
		{2ABF7A72-E5FF-499B-A866-7D31DE3D2BEC}.Debug|Any CPU.ActiveCfg = Debug|Win32
		{2ABF7A72-E5FF-499B-A866-7D31DE3D2BEC}.Debug|x64.ActiveCfg = Debug|x64
		{2ABF7A72-E5FF-499B-A866-7D31DE3D2BEC}.Debug|x64.Build.0 = Debug|x64
		{2ABF7A72-E5FF-499B-A866-7D31DE3D2BEC}.Debug|x86.ActiveCfg = Debug|Win32
		{2ABF7A72-E5FF-499B-A866-7D31DE3D2BEC}.Debug|x86.Build.0 = Debug|Win32
		{2ABF7A72-E5FF-499B-A866-7D31DE3D2BEC}.Release|Any CPU.ActiveCfg = Release|Win32
		{2ABF7A72-E5FF-499B-A866-7D31DE3D2BEC}.Release|x64.ActiveCfg = Release|x64
		{2ABF7A72-E5FF-499B-A866-7D31DE3D2BEC}.Release|x64.Build.0 = Release|x64
		{2ABF7A72-E5FF-499B-A866-7D31DE3D2BEC}.Release|x86.ActiveCfg = Release|Win32
		{2ABF7A72-E5FF-499B-A866-7D31DE3D2BEC}.Release|x86.Build.0 = Release|Win32
		{6F781E95-7879-4761-9F18-36D9EA0B5C8B}.Debug|Any CPU.ActiveCfg = Debug|Win32
		{6F781E95-7879-4761-9F18-36D9EA0B5C8B}.Debug|x64.ActiveCfg = Debug|x64
		{6F781E95-7879-4761-9F18-36D9EA0B5C8B}.Debug|x64.Build.0 = Debug|x64
		{6F781E95-7879-4761-9F18-36D9EA0B5C8B}.Debug|x86.ActiveCfg = Debug|Win32
		{6F781E95-7879-4761-9F18-36D9EA0B5C8B}.Debug|x86.Build.0 = Debug|Win32
		{6F781E95-7879-4761-9F18-36D9EA0B5C8B}.Release|Any CPU.ActiveCfg = Release|Win32
		{6F781E95-7879-4761-9F18-36D9EA0B5C8B}.Release|x64.ActiveCfg = Release|x64
		{6F781E95-7879-4761-9F18-36D9EA0B5C8B}.Release|x64.Build.0 = Release|x64
		{6F781E95-7879-4761-9F18-36D9EA0B5C8B}.Release|x86.ActiveCfg = Release|Win32
		{6F781E95-7879-4761-9F18-36D9EA0B5C8B}.Release|x86.Build.0 = Release|Win32
		{48310061-76FF-4C1C-B89A-39BE8E03D97A}.Debug|Any CPU.ActiveCfg = Debug|Win32
		{48310061-76FF-4C1C-B89A-39BE8E03D97A}.Debug|x64.ActiveCfg = Debug|x64
		{48310061-76FF-4C1C-B89A-39BE8E03D97A}.Debug|x64.Build.0 = Debug|x64
		{48310061-76FF-4C1C-B89A-39BE8E03D97A}.Debug|x86.ActiveCfg = Debug|Win32
		{48310061-76FF-4C1C-B89A-39BE8E03D97A}.Debug|x86.Build.0 = Debug|Win32
		{48310061-76FF-4C1C-B89A-39BE8E03D97A}.Release|Any CPU.ActiveCfg = Release|Win32
		{48310061-76FF-4C1C-B89A-39BE8E03D97A}.Release|x64.ActiveCfg = Release|x64
		{48310061-76FF-4C1C-B89A-39BE8E03D97A}.Release|x64.Build.0 = Release|x64
		{48310061-76FF-4C1C-B89A-39BE8E03D97A}.Release|x86.ActiveCfg = Release|Win32
		{48310061-76FF-4C1C-B89A-39BE8E03D97A}.Release|x86.Build.0 = Release|Win32
		{3025E94C-F349-43A3-B592-0E7DFAE7EDEC}.Debug|Any CPU.ActiveCfg = Debug|Win32
		{3025E94C-F349-43A3-B592-0E7DFAE7EDEC}.Debug|x64.ActiveCfg = Debug|x64
		{3025E94C-F349-43A3-B592-0E7DFAE7EDEC}.Debug|x64.Build.0 = Debug|x64
		{3025E94C-F349-43A3-B592-0E7DFAE7EDEC}.Debug|x86.ActiveCfg = Debug|Win32
		{3025E94C-F349-43A3-B592-0E7DFAE7EDEC}.Debug|x86.Build.0 = Debug|Win32
		{3025E94C-F349-43A3-B592-0E7DFAE7EDEC}.Release|Any CPU.ActiveCfg = Release|Win32
		{3025E94C-F349-43A3-B592-0E7DFAE7EDEC}.Release|x64.ActiveCfg = Release|x64
		{3025E94C-F349-43A3-B592-0E7DFAE7EDEC}.Release|x64.Build.0 = Release|x64
		{3025E94C-F349-43A3-B592-0E7DFAE7EDEC}.Release|x86.ActiveCfg = Release|Win32
		{3025E94C-F349-43A3-B592-0E7DFAE7EDEC}.Release|x86.Build.0 = Release|Win32
		{A5C1982E-6BA4-4B44-A0E9-96CC50A26CFC}.Debug|Any CPU.ActiveCfg = Debug|Any CPU
		{A5C1982E-6BA4-4B44-A0E9-96CC50A26CFC}.Debug|Any CPU.Build.0 = Debug|Any CPU
		{A5C1982E-6BA4-4B44-A0E9-96CC50A26CFC}.Debug|x64.ActiveCfg = Debug|Any CPU
		{A5C1982E-6BA4-4B44-A0E9-96CC50A26CFC}.Debug|x64.Build.0 = Debug|Any CPU
		{A5C1982E-6BA4-4B44-A0E9-96CC50A26CFC}.Debug|x86.ActiveCfg = Debug|Any CPU
		{A5C1982E-6BA4-4B44-A0E9-96CC50A26CFC}.Debug|x86.Build.0 = Debug|Any CPU
		{A5C1982E-6BA4-4B44-A0E9-96CC50A26CFC}.Release|Any CPU.ActiveCfg = Release|Any CPU
		{A5C1982E-6BA4-4B44-A0E9-96CC50A26CFC}.Release|Any CPU.Build.0 = Release|Any CPU
		{A5C1982E-6BA4-4B44-A0E9-96CC50A26CFC}.Release|x64.ActiveCfg = Release|Any CPU
		{A5C1982E-6BA4-4B44-A0E9-96CC50A26CFC}.Release|x64.Build.0 = Release|Any CPU
		{A5C1982E-6BA4-4B44-A0E9-96CC50A26CFC}.Release|x86.ActiveCfg = Release|Any CPU
		{A5C1982E-6BA4-4B44-A0E9-96CC50A26CFC}.Release|x86.Build.0 = Release|Any CPU
	EndGlobalSection
	GlobalSection(SolutionProperties) = preSolution
		HideSolutionNode = FALSE
	EndGlobalSection
	GlobalSection(NestedProjects) = preSolution
		{64A4FEFE-0461-4E95-8CC1-91EF5F57DBC6} = {96E7A35D-80BD-48DC-9671-18714124EEB9}
		{23D49C61-D5C9-4374-9E23-B8C3EFD06F58} = {96E7A35D-80BD-48DC-9671-18714124EEB9}
		{15A40B97-DF74-4D0B-BB97-53E587FB7D49} = {7B78397B-DD4A-4D52-AF1B-E42F4BEAEBF2}
		{5A3B9755-79E0-48AB-89C7-1DC2CC3B2C31} = {EF8885A6-26B6-4028-89D0-9B6129081F90}
		{6F781E95-7879-4761-9F18-36D9EA0B5C8B} = {EF8885A6-26B6-4028-89D0-9B6129081F90}
		{48310061-76FF-4C1C-B89A-39BE8E03D97A} = {46E2ED4A-0FDA-403F-AD5F-116574478FDD}
		{3025E94C-F349-43A3-B592-0E7DFAE7EDEC} = {EF8885A6-26B6-4028-89D0-9B6129081F90}
		{A5C1982E-6BA4-4B44-A0E9-96CC50A26CFC} = {46E2ED4A-0FDA-403F-AD5F-116574478FDD}
	EndGlobalSection
EndGlobal
